
Microsoft Visual Studio Solution File, Format Version 12.00
# Visual Studio Version 17
VisualStudioVersion = 17.1.32407.343
MinimumVisualStudioVersion = 10.0.40219.1
Project("{FAE04EC0-301F-11D3-BF4B-00C04F79EFBC}") = "TestForMonarchy", "TestForMonarchy\TestForMonarchy.csproj", "{66BB8A19-05EB-4EBC-B79B-6BFAED047E62}"
EndProject
Project("{FAE04EC0-301F-11D3-BF4B-00C04F79EFBC}") = "Persistence", "Persistence\Persistence.csproj", "{E80F8034-02AC-4A30-8E36-DE986D7378FC}"
EndProject
Project("{FAE04EC0-301F-11D3-BF4B-00C04F79EFBC}") = "Domain", "Domain\Domain.csproj", "{7E01A379-D101-4F5A-80EF-026D9B9CAA8C}"
EndProject
Project("{FAE04EC0-301F-11D3-BF4B-00C04F79EFBC}") = "Application", "Application\Application.csproj", "{428D3CE2-8B86-493B-9AE8-472B94B21637}"
EndProject
Global
	GlobalSection(SolutionConfigurationPlatforms) = preSolution
		Debug|Any CPU = Debug|Any CPU
		Release|Any CPU = Release|Any CPU
	EndGlobalSection
	GlobalSection(ProjectConfigurationPlatforms) = postSolution
		{66BB8A19-05EB-4EBC-B79B-6BFAED047E62}.Debug|Any CPU.ActiveCfg = Debug|Any CPU
		{66BB8A19-05EB-4EBC-B79B-6BFAED047E62}.Debug|Any CPU.Build.0 = Debug|Any CPU
		{66BB8A19-05EB-4EBC-B79B-6BFAED047E62}.Release|Any CPU.ActiveCfg = Release|Any CPU
		{66BB8A19-05EB-4EBC-B79B-6BFAED047E62}.Release|Any CPU.Build.0 = Release|Any CPU
		{E80F8034-02AC-4A30-8E36-DE986D7378FC}.Debug|Any CPU.ActiveCfg = Debug|Any CPU
		{E80F8034-02AC-4A30-8E36-DE986D7378FC}.Debug|Any CPU.Build.0 = Debug|Any CPU
		{E80F8034-02AC-4A30-8E36-DE986D7378FC}.Release|Any CPU.ActiveCfg = Release|Any CPU
		{E80F8034-02AC-4A30-8E36-DE986D7378FC}.Release|Any CPU.Build.0 = Release|Any CPU
		{7E01A379-D101-4F5A-80EF-026D9B9CAA8C}.Debug|Any CPU.ActiveCfg = Debug|Any CPU
		{7E01A379-D101-4F5A-80EF-026D9B9CAA8C}.Debug|Any CPU.Build.0 = Debug|Any CPU
		{7E01A379-D101-4F5A-80EF-026D9B9CAA8C}.Release|Any CPU.ActiveCfg = Release|Any CPU
		{7E01A379-D101-4F5A-80EF-026D9B9CAA8C}.Release|Any CPU.Build.0 = Release|Any CPU
		{428D3CE2-8B86-493B-9AE8-472B94B21637}.Debug|Any CPU.ActiveCfg = Debug|Any CPU
		{428D3CE2-8B86-493B-9AE8-472B94B21637}.Debug|Any CPU.Build.0 = Debug|Any CPU
		{428D3CE2-8B86-493B-9AE8-472B94B21637}.Release|Any CPU.ActiveCfg = Release|Any CPU
		{428D3CE2-8B86-493B-9AE8-472B94B21637}.Release|Any CPU.Build.0 = Release|Any CPU
	EndGlobalSection
	GlobalSection(SolutionProperties) = preSolution
		HideSolutionNode = FALSE
	EndGlobalSection
	GlobalSection(ExtensibilityGlobals) = postSolution
		SolutionGuid = {C14E44E6-4F72-467C-917F-07DA0E6DEE5A}
	EndGlobalSection
EndGlobal
